// !$*UTF8*$!
{
	archiveVersion = 1;
	classes = {
	};
	objectVersion = 50;
	objects = {

/* Begin PBXBuildFile section */
		1FDE4DC1A7920E47C80E12A0 /* Pods_iTunesClient.framework in Frameworks */ = {isa = PBXBuildFile; fileRef = 71D9D91800FE78BCA3E06803 /* Pods_iTunesClient.framework */; };
		310563602287E8AF0023FE1D /* AppDelegate.swift in Sources */ = {isa = PBXBuildFile; fileRef = 3105635F2287E8AF0023FE1D /* AppDelegate.swift */; };
		310563622287E8AF0023FE1D /* ViewController.swift in Sources */ = {isa = PBXBuildFile; fileRef = 310563612287E8AF0023FE1D /* ViewController.swift */; };
		310563652287E8AF0023FE1D /* Main.storyboard in Resources */ = {isa = PBXBuildFile; fileRef = 310563632287E8AF0023FE1D /* Main.storyboard */; };
		310563672287E8B10023FE1D /* Assets.xcassets in Resources */ = {isa = PBXBuildFile; fileRef = 310563662287E8B10023FE1D /* Assets.xcassets */; };
		3105636A2287E8B10023FE1D /* LaunchScreen.storyboard in Resources */ = {isa = PBXBuildFile; fileRef = 310563682287E8B10023FE1D /* LaunchScreen.storyboard */; };
		31056372228867230023FE1D /* iTunesMedia.swift in Sources */ = {isa = PBXBuildFile; fileRef = 31056371228867230023FE1D /* iTunesMedia.swift */; };
		31056374228868730023FE1D /* iTunesAPI.swift in Sources */ = {isa = PBXBuildFile; fileRef = 31056373228868730023FE1D /* iTunesAPI.swift */; };
		310563762289B5850023FE1D /* iTunesConstants.swift in Sources */ = {isa = PBXBuildFile; fileRef = 310563752289B5850023FE1D /* iTunesConstants.swift */; };
		310563782289C1810023FE1D /* VC_Search.swift in Sources */ = {isa = PBXBuildFile; fileRef = 310563772289C1810023FE1D /* VC_Search.swift */; };
		3105637A2289C4B30023FE1D /* VC_Network.swift in Sources */ = {isa = PBXBuildFile; fileRef = 310563792289C4B30023FE1D /* VC_Network.swift */; };
		3105637C2289C6F00023FE1D /* VC_Table.swift in Sources */ = {isa = PBXBuildFile; fileRef = 3105637B2289C6F00023FE1D /* VC_Table.swift */; };
/* End PBXBuildFile section */

/* Begin PBXFileReference section */
		252A8114492065D43300153F /* Pods-iTunesClient.debug.xcconfig */ = {isa = PBXFileReference; includeInIndex = 1; lastKnownFileType = text.xcconfig; name = "Pods-iTunesClient.debug.xcconfig"; path = "Pods/Target Support Files/Pods-iTunesClient/Pods-iTunesClient.debug.xcconfig"; sourceTree = "<group>"; };
		3105635C2287E8AF0023FE1D /* iTunesClient.app */ = {isa = PBXFileReference; explicitFileType = wrapper.application; includeInIndex = 0; path = iTunesClient.app; sourceTree = BUILT_PRODUCTS_DIR; };
		3105635F2287E8AF0023FE1D /* AppDelegate.swift */ = {isa = PBXFileReference; lastKnownFileType = sourcecode.swift; path = AppDelegate.swift; sourceTree = "<group>"; };
		310563612287E8AF0023FE1D /* ViewController.swift */ = {isa = PBXFileReference; lastKnownFileType = sourcecode.swift; path = ViewController.swift; sourceTree = "<group>"; };
		310563642287E8AF0023FE1D /* Base */ = {isa = PBXFileReference; lastKnownFileType = file.storyboard; name = Base; path = Base.lproj/Main.storyboard; sourceTree = "<group>"; };
		310563662287E8B10023FE1D /* Assets.xcassets */ = {isa = PBXFileReference; lastKnownFileType = folder.assetcatalog; path = Assets.xcassets; sourceTree = "<group>"; };
		310563692287E8B10023FE1D /* Base */ = {isa = PBXFileReference; lastKnownFileType = file.storyboard; name = Base; path = Base.lproj/LaunchScreen.storyboard; sourceTree = "<group>"; };
		3105636B2287E8B10023FE1D /* Info.plist */ = {isa = PBXFileReference; lastKnownFileType = text.plist.xml; path = Info.plist; sourceTree = "<group>"; };
		31056371228867230023FE1D /* iTunesMedia.swift */ = {isa = PBXFileReference; lastKnownFileType = sourcecode.swift; path = iTunesMedia.swift; sourceTree = "<group>"; };
		31056373228868730023FE1D /* iTunesAPI.swift */ = {isa = PBXFileReference; lastKnownFileType = sourcecode.swift; path = iTunesAPI.swift; sourceTree = "<group>"; };
		310563752289B5850023FE1D /* iTunesConstants.swift */ = {isa = PBXFileReference; lastKnownFileType = sourcecode.swift; path = iTunesConstants.swift; sourceTree = "<group>"; };
		310563772289C1810023FE1D /* VC_Search.swift */ = {isa = PBXFileReference; lastKnownFileType = sourcecode.swift; path = VC_Search.swift; sourceTree = "<group>"; };
		310563792289C4B30023FE1D /* VC_Network.swift */ = {isa = PBXFileReference; lastKnownFileType = sourcecode.swift; path = VC_Network.swift; sourceTree = "<group>"; };
		3105637B2289C6F00023FE1D /* VC_Table.swift */ = {isa = PBXFileReference; lastKnownFileType = sourcecode.swift; path = VC_Table.swift; sourceTree = "<group>"; };
		558E755224904CE5281C937C /* Pods-iTunesClient.release.xcconfig */ = {isa = PBXFileReference; includeInIndex = 1; lastKnownFileType = text.xcconfig; name = "Pods-iTunesClient.release.xcconfig"; path = "Pods/Target Support Files/Pods-iTunesClient/Pods-iTunesClient.release.xcconfig"; sourceTree = "<group>"; };
		71D9D91800FE78BCA3E06803 /* Pods_iTunesClient.framework */ = {isa = PBXFileReference; explicitFileType = wrapper.framework; includeInIndex = 0; path = Pods_iTunesClient.framework; sourceTree = BUILT_PRODUCTS_DIR; };
/* End PBXFileReference section */

/* Begin PBXFrameworksBuildPhase section */
		310563592287E8AF0023FE1D /* Frameworks */ = {
			isa = PBXFrameworksBuildPhase;
			buildActionMask = 2147483647;
			files = (
				1FDE4DC1A7920E47C80E12A0 /* Pods_iTunesClient.framework in Frameworks */,
			);
			runOnlyForDeploymentPostprocessing = 0;
		};
/* End PBXFrameworksBuildPhase section */

/* Begin PBXGroup section */
		310563532287E8AF0023FE1D = {
			isa = PBXGroup;
			children = (
				3105635E2287E8AF0023FE1D /* iTunesClient */,
				3105635D2287E8AF0023FE1D /* Products */,
				B34D5927C5D377809DC318C0 /* Pods */,
				59AFCA5F09900E45DF5A4BC0 /* Frameworks */,
			);
			sourceTree = "<group>";
		};
		3105635D2287E8AF0023FE1D /* Products */ = {
			isa = PBXGroup;
			children = (
				3105635C2287E8AF0023FE1D /* iTunesClient.app */,
			);
			name = Products;
			sourceTree = "<group>";
		};
		3105635E2287E8AF0023FE1D /* iTunesClient */ = {
			isa = PBXGroup;
			children = (
				3105635F2287E8AF0023FE1D /* AppDelegate.swift */,
				310563612287E8AF0023FE1D /* ViewController.swift */,
				310563772289C1810023FE1D /* VC_Search.swift */,
				310563632287E8AF0023FE1D /* Main.storyboard */,
				310563662287E8B10023FE1D /* Assets.xcassets */,
				310563682287E8B10023FE1D /* LaunchScreen.storyboard */,
				3105636B2287E8B10023FE1D /* Info.plist */,
				31056371228867230023FE1D /* iTunesMedia.swift */,
				31056373228868730023FE1D /* iTunesAPI.swift */,
				310563752289B5850023FE1D /* iTunesConstants.swift */,
				310563792289C4B30023FE1D /* VC_Network.swift */,
				3105637B2289C6F00023FE1D /* VC_Table.swift */,
			);
			path = iTunesClient;
			sourceTree = "<group>";
		};
		59AFCA5F09900E45DF5A4BC0 /* Frameworks */ = {
			isa = PBXGroup;
			children = (
				71D9D91800FE78BCA3E06803 /* Pods_iTunesClient.framework */,
			);
			name = Frameworks;
			sourceTree = "<group>";
		};
		B34D5927C5D377809DC318C0 /* Pods */ = {
			isa = PBXGroup;
			children = (
				252A8114492065D43300153F /* Pods-iTunesClient.debug.xcconfig */,
				558E755224904CE5281C937C /* Pods-iTunesClient.release.xcconfig */,
			);
			name = Pods;
			sourceTree = "<group>";
		};
/* End PBXGroup section */

/* Begin PBXNativeTarget section */
		3105635B2287E8AF0023FE1D /* iTunesClient */ = {
			isa = PBXNativeTarget;
			buildConfigurationList = 3105636E2287E8B10023FE1D /* Build configuration list for PBXNativeTarget "iTunesClient" */;
			buildPhases = (
				E1B14C1B75F59BC25445AAE9 /* [CP] Check Pods Manifest.lock */,
				310563582287E8AF0023FE1D /* Sources */,
				310563592287E8AF0023FE1D /* Frameworks */,
				3105635A2287E8AF0023FE1D /* Resources */,
				8A258DD6B7A2A5358FAC6BE4 /* [CP] Embed Pods Frameworks */,
			);
			buildRules = (
			);
			dependencies = (
			);
			name = iTunesClient;
			productName = iTunesClient;
			productReference = 3105635C2287E8AF0023FE1D /* iTunesClient.app */;
			productType = "com.apple.product-type.application";
		};
/* End PBXNativeTarget section */

/* Begin PBXProject section */
		310563542287E8AF0023FE1D /* Project object */ = {
			isa = PBXProject;
			attributes = {
				LastSwiftUpdateCheck = 1020;
				LastUpgradeCheck = 1020;
				ORGANIZATIONNAME = Myle$;
				TargetAttributes = {
					3105635B2287E8AF0023FE1D = {
						CreatedOnToolsVersion = 10.2.1;
					};
				};
			};
			buildConfigurationList = 310563572287E8AF0023FE1D /* Build configuration list for PBXProject "iTunesClient" */;
			compatibilityVersion = "Xcode 9.3";
			developmentRegion = en;
			hasScannedForEncodings = 0;
			knownRegions = (
				en,
				Base,
			);
			mainGroup = 310563532287E8AF0023FE1D;
			productRefGroup = 3105635D2287E8AF0023FE1D /* Products */;
			projectDirPath = "";
			projectRoot = "";
			targets = (
				3105635B2287E8AF0023FE1D /* iTunesClient */,
			);
		};
/* End PBXProject section */

/* Begin PBXResourcesBuildPhase section */
		3105635A2287E8AF0023FE1D /* Resources */ = {
			isa = PBXResourcesBuildPhase;
			buildActionMask = 2147483647;
			files = (
				3105636A2287E8B10023FE1D /* LaunchScreen.storyboard in Resources */,
				310563672287E8B10023FE1D /* Assets.xcassets in Resources */,
				310563652287E8AF0023FE1D /* Main.storyboard in Resources */,
			);
			runOnlyForDeploymentPostprocessing = 0;
		};
/* End PBXResourcesBuildPhase section */

/* Begin PBXShellScriptBuildPhase section */
		8A258DD6B7A2A5358FAC6BE4 /* [CP] Embed Pods Frameworks */ = {
			isa = PBXShellScriptBuildPhase;
			buildActionMask = 2147483647;
			files = (
			);
			inputPaths = (
				"${SRCROOT}/Pods/Target Support Files/Pods-iTunesClient/Pods-iTunesClient-frameworks.sh",
				"${BUILT_PRODUCTS_DIR}/Alamofire/Alamofire.framework",
			);
			name = "[CP] Embed Pods Frameworks";
			outputPaths = (
				"${TARGET_BUILD_DIR}/${FRAMEWORKS_FOLDER_PATH}/Alamofire.framework",
			);
			runOnlyForDeploymentPostprocessing = 0;
			shellPath = /bin/sh;
			shellScript = "\"${SRCROOT}/Pods/Target Support Files/Pods-iTunesClient/Pods-iTunesClient-frameworks.sh\"\n";
			showEnvVarsInLog = 0;
		};
		E1B14C1B75F59BC25445AAE9 /* [CP] Check Pods Manifest.lock */ = {
			isa = PBXShellScriptBuildPhase;
			buildActionMask = 2147483647;
			files = (
			);
			inputPaths = (
				"${PODS_PODFILE_DIR_PATH}/Podfile.lock",
				"${PODS_ROOT}/Manifest.lock",
			);
			name = "[CP] Check Pods Manifest.lock";
			outputPaths = (
				"$(DERIVED_FILE_DIR)/Pods-iTunesClient-checkManifestLockResult.txt",
			);
			runOnlyForDeploymentPostprocessing = 0;
			shellPath = /bin/sh;
			shellScript = "diff \"${PODS_PODFILE_DIR_PATH}/Podfile.lock\" \"${PODS_ROOT}/Manifest.lock\" > /dev/null\nif [ $? != 0 ] ; then\n    # print error to STDERR\n    echo \"error: The sandbox is not in sync with the Podfile.lock. Run 'pod install' or update your CocoaPods installation.\" >&2\n    exit 1\nfi\n# This output is used by Xcode 'outputs' to avoid re-running this script phase.\necho \"SUCCESS\" > \"${SCRIPT_OUTPUT_FILE_0}\"\n";
			showEnvVarsInLog = 0;
		};
/* End PBXShellScriptBuildPhase section */

/* Begin PBXSourcesBuildPhase section */
		310563582287E8AF0023FE1D /* Sources */ = {
			isa = PBXSourcesBuildPhase;
			buildActionMask = 2147483647;
			files = (
				31056374228868730023FE1D /* iTunesAPI.swift in Sources */,
				3105637C2289C6F00023FE1D /* VC_Table.swift in Sources */,
				310563622287E8AF0023FE1D /* ViewController.swift in Sources */,
				310563602287E8AF0023FE1D /* AppDelegate.swift in Sources */,
				310563762289B5850023FE1D /* iTunesConstants.swift in Sources */,
				310563782289C1810023FE1D /* VC_Search.swift in Sources */,
				31056372228867230023FE1D /* iTunesMedia.swift in Sources */,
				3105637A2289C4B30023FE1D /* VC_Network.swift in Sources */,
			);
			runOnlyForDeploymentPostprocessing = 0;
		};
/* End PBXSourcesBuildPhase section */

/* Begin PBXVariantGroup section */
		310563632287E8AF0023FE1D /* Main.storyboard */ = {
			isa = PBXVariantGroup;
			children = (
				310563642287E8AF0023FE1D /* Base */,
			);
			name = Main.storyboard;
			sourceTree = "<group>";
		};
		310563682287E8B10023FE1D /* LaunchScreen.storyboard */ = {
			isa = PBXVariantGroup;
			children = (
				310563692287E8B10023FE1D /* Base */,
			);
			name = LaunchScreen.storyboard;
			sourceTree = "<group>";
		};
/* End PBXVariantGroup section */

/* Begin XCBuildConfiguration section */
		3105636C2287E8B10023FE1D /* Debug */ = {
			isa = XCBuildConfiguration;
			buildSettings = {
				ALWAYS_SEARCH_USER_PATHS = NO;
				CLANG_ANALYZER_NONNULL = YES;
				CLANG_ANALYZER_NUMBER_OBJECT_CONVERSION = YES_AGGRESSIVE;
				CLANG_CXX_LANGUAGE_STANDARD = "gnu++14";
				CLANG_CXX_LIBRARY = "libc++";
				CLANG_ENABLE_MODULES = YES;
				CLANG_ENABLE_OBJC_ARC = YES;
				CLANG_ENABLE_OBJC_WEAK = YES;
				CLANG_WARN_BLOCK_CAPTURE_AUTORELEASING = YES;
				CLANG_WARN_BOOL_CONVERSION = YES;
				CLANG_WARN_COMMA = YES;
				CLANG_WARN_CONSTANT_CONVERSION = YES;
				CLANG_WARN_DEPRECATED_OBJC_IMPLEMENTATIONS = YES;
				CLANG_WARN_DIRECT_OBJC_ISA_USAGE = YES_ERROR;
				CLANG_WARN_DOCUMENTATION_COMMENTS = YES;
				CLANG_WARN_EMPTY_BODY = YES;
				CLANG_WARN_ENUM_CONVERSION = YES;
				CLANG_WARN_INFINITE_RECURSION = YES;
				CLANG_WARN_INT_CONVERSION = YES;
				CLANG_WARN_NON_LITERAL_NULL_CONVERSION = YES;
				CLANG_WARN_OBJC_IMPLICIT_RETAIN_SELF = YES;
				CLANG_WARN_OBJC_LITERAL_CONVERSION = YES;
				CLANG_WARN_OBJC_ROOT_CLASS = YES_ERROR;
				CLANG_WARN_RANGE_LOOP_ANALYSIS = YES;
				CLANG_WARN_STRICT_PROTOTYPES = YES;
				CLANG_WARN_SUSPICIOUS_MOVE = YES;
				CLANG_WARN_UNGUARDED_AVAILABILITY = YES_AGGRESSIVE;
				CLANG_WARN_UNREACHABLE_CODE = YES;
				CLANG_WARN__DUPLICATE_METHOD_MATCH = YES;
				CODE_SIGN_IDENTITY = "iPhone Developer";
				COPY_PHASE_STRIP = NO;
				DEBUG_INFORMATION_FORMAT = dwarf;
				ENABLE_STRICT_OBJC_MSGSEND = YES;
				ENABLE_TESTABILITY = YES;
				GCC_C_LANGUAGE_STANDARD = gnu11;
				GCC_DYNAMIC_NO_PIC = NO;
				GCC_NO_COMMON_BLOCKS = YES;
				GCC_OPTIMIZATION_LEVEL = 0;
				GCC_PREPROCESSOR_DEFINITIONS = (
					"DEBUG=1",
					"$(inherited)",
				);
				GCC_WARN_64_TO_32_BIT_CONVERSION = YES;
				GCC_WARN_ABOUT_RETURN_TYPE = YES_ERROR;
				GCC_WARN_UNDECLARED_SELECTOR = YES;
				GCC_WARN_UNINITIALIZED_AUTOS = YES_AGGRESSIVE;
				GCC_WARN_UNUSED_FUNCTION = YES;
				GCC_WARN_UNUSED_VARIABLE = YES;
				IPHONEOS_DEPLOYMENT_TARGET = 12.2;
				MTL_ENABLE_DEBUG_INFO = INCLUDE_SOURCE;
				MTL_FAST_MATH = YES;
				ONLY_ACTIVE_ARCH = YES;
				SDKROOT = iphoneos;
				SWIFT_ACTIVE_COMPILATION_CONDITIONS = DEBUG;
				SWIFT_OPTIMIZATION_LEVEL = "-Onone";
			};
			name = Debug;
		};
		3105636D2287E8B10023FE1D /* Release */ = {
			isa = XCBuildConfiguration;
			buildSettings = {
				ALWAYS_SEARCH_USER_PATHS = NO;
				CLANG_ANALYZER_NONNULL = YES;
				CLANG_ANALYZER_NUMBER_OBJECT_CONVERSION = YES_AGGRESSIVE;
				CLANG_CXX_LANGUAGE_STANDARD = "gnu++14";
				CLANG_CXX_LIBRARY = "libc++";
				CLANG_ENABLE_MODULES = YES;
				CLANG_ENABLE_OBJC_ARC = YES;
				CLANG_ENABLE_OBJC_WEAK = YES;
				CLANG_WARN_BLOCK_CAPTURE_AUTORELEASING = YES;
				CLANG_WARN_BOOL_CONVERSION = YES;
				CLANG_WARN_COMMA = YES;
				CLANG_WARN_CONSTANT_CONVERSION = YES;
				CLANG_WARN_DEPRECATED_OBJC_IMPLEMENTATIONS = YES;
				CLANG_WARN_DIRECT_OBJC_ISA_USAGE = YES_ERROR;
				CLANG_WARN_DOCUMENTATION_COMMENTS = YES;
				CLANG_WARN_EMPTY_BODY = YES;
				CLANG_WARN_ENUM_CONVERSION = YES;
				CLANG_WARN_INFINITE_RECURSION = YES;
				CLANG_WARN_INT_CONVERSION = YES;
				CLANG_WARN_NON_LITERAL_NULL_CONVERSION = YES;
				CLANG_WARN_OBJC_IMPLICIT_RETAIN_SELF = YES;
				CLANG_WARN_OBJC_LITERAL_CONVERSION = YES;
				CLANG_WARN_OBJC_ROOT_CLASS = YES_ERROR;
				CLANG_WARN_RANGE_LOOP_ANALYSIS = YES;
				CLANG_WARN_STRICT_PROTOTYPES = YES;
				CLANG_WARN_SUSPICIOUS_MOVE = YES;
				CLANG_WARN_UNGUARDED_AVAILABILITY = YES_AGGRESSIVE;
				CLANG_WARN_UNREACHABLE_CODE = YES;
				CLANG_WARN__DUPLICATE_METHOD_MATCH = YES;
				CODE_SIGN_IDENTITY = "iPhone Developer";
				COPY_PHASE_STRIP = NO;
				DEBUG_INFORMATION_FORMAT = "dwarf-with-dsym";
				ENABLE_NS_ASSERTIONS = NO;
				ENABLE_STRICT_OBJC_MSGSEND = YES;
				GCC_C_LANGUAGE_STANDARD = gnu11;
				GCC_NO_COMMON_BLOCKS = YES;
				GCC_WARN_64_TO_32_BIT_CONVERSION = YES;
				GCC_WARN_ABOUT_RETURN_TYPE = YES_ERROR;
				GCC_WARN_UNDECLARED_SELECTOR = YES;
				GCC_WARN_UNINITIALIZED_AUTOS = YES_AGGRESSIVE;
				GCC_WARN_UNUSED_FUNCTION = YES;
				GCC_WARN_UNUSED_VARIABLE = YES;
				IPHONEOS_DEPLOYMENT_TARGET = 12.2;
				MTL_ENABLE_DEBUG_INFO = NO;
				MTL_FAST_MATH = YES;
				SDKROOT = iphoneos;
				SWIFT_COMPILATION_MODE = wholemodule;
				SWIFT_OPTIMIZATION_LEVEL = "-O";
				VALIDATE_PRODUCT = YES;
			};
			name = Release;
		};
		3105636F2287E8B10023FE1D /* Debug */ = {
			isa = XCBuildConfiguration;
			baseConfigurationReference = 252A8114492065D43300153F /* Pods-iTunesClient.debug.xcconfig */;
			buildSettings = {
				ASSETCATALOG_COMPILER_APPICON_NAME = AppIcon;
				CODE_SIGN_STYLE = Automatic;
				DEVELOPMENT_TEAM = LP8V9JUWY7;
				INFOPLIST_FILE = iTunesClient/Info.plist;
				LD_RUNPATH_SEARCH_PATHS = (
					"$(inherited)",
					"@executable_path/Frameworks",
				);
				PRODUCT_BUNDLE_IDENTIFIER = com.visionsofbillions.iTunesClient;
				PRODUCT_NAME = "$(TARGET_NAME)";
				SWIFT_VERSION = 5.0;
				TARGETED_DEVICE_FAMILY = "1,2";
			};
			name = Debug;
		};
		310563702287E8B10023FE1D /* Release */ = {
			isa = XCBuildConfiguration;
			baseConfigurationReference = 558E755224904CE5281C937C /* Pods-iTunesClient.release.xcconfig */;
			buildSettings = {
				ASSETCATALOG_COMPILER_APPICON_NAME = AppIcon;
				CODE_SIGN_STYLE = Automatic;
				DEVELOPMENT_TEAM = LP8V9JUWY7;
				INFOPLIST_FILE = iTunesClient/Info.plist;
				LD_RUNPATH_SEARCH_PATHS = (
					"$(inherited)",
					"@executable_path/Frameworks",
				);
				PRODUCT_BUNDLE_IDENTIFIER = com.visionsofbillions.iTunesClient;
				PRODUCT_NAME = "$(TARGET_NAME)";
				SWIFT_VERSION = 5.0;
				TARGETED_DEVICE_FAMILY = "1,2";
			};
			name = Release;
		};
/* End XCBuildConfiguration section */

/* Begin XCConfigurationList section */
		310563572287E8AF0023FE1D /* Build configuration list for PBXProject "iTunesClient" */ = {
			isa = XCConfigurationList;
			buildConfigurations = (
				3105636C2287E8B10023FE1D /* Debug */,
				3105636D2287E8B10023FE1D /* Release */,
			);
			defaultConfigurationIsVisible = 0;
			defaultConfigurationName = Release;
		};
		3105636E2287E8B10023FE1D /* Build configuration list for PBXNativeTarget "iTunesClient" */ = {
			isa = XCConfigurationList;
			buildConfigurations = (
				3105636F2287E8B10023FE1D /* Debug */,
				310563702287E8B10023FE1D /* Release */,
			);
			defaultConfigurationIsVisible = 0;
			defaultConfigurationName = Release;
		};
/* End XCConfigurationList section */
	};
	rootObject = 310563542287E8AF0023FE1D /* Project object */;
}
